{
    "_readme": [
        "This file locks the dependencies of your project to a known state",
        "Read more about it at https://getcomposer.org/doc/01-basic-usage.md#composer-lock-the-lock-file",
        "This file is @generated automatically"
    ],
    "hash": "097386b23543b559e88848793c65c7f6",
    "packages": [
        {
            "name": "facebook/xhp-lib",
            "version": "2.2.0",
            "source": {
                "type": "git",
                "url": "https://github.com/facebook/xhp-lib.git",
                "reference": "45e4542d0fcaa3dfe39bf33e81ec4e1ff520b0a6"
            },
            "dist": {
                "type": "zip",
                "url": "https://api.github.com/repos/facebook/xhp-lib/zipball/45e4542d0fcaa3dfe39bf33e81ec4e1ff520b0a6",
                "reference": "45e4542d0fcaa3dfe39bf33e81ec4e1ff520b0a6",
                "shasum": ""
            },
            "require": {
                "hhvm": "*"
            },
            "require-dev": {
                "91carriage/phpunit-hhi": "4.5.*",
                "phpunit/phpunit": "4.5.*"
            },
            "type": "library",
            "extra": {
                "branch-alias": {
                    "dev-master": "2.x-dev"
                }
            },
            "autoload": {
                "classmap": [
                    "src/"
                ]
            },
            "notification-url": "https://packagist.org/downloads/",
            "license": [
                "BSD-3-Clause"
            ],
            "description": "Class library for XHP",
            "homepage": "https://github.com/facebook/xhp-lib",
            "keywords": [
                "facebook",
                "hack",
                "hhvm",
                "xhp"
            ],
            "time": "2015-05-14 21:47:55"
        },
        {
            "name": "hhvm/xhp-js",
            "version": "dev-master",
            "source": {
                "type": "git",
                "url": "git@github.com:hhvm/xhp-js.git",
                "reference": "a85191e3fb538e8f698c71d8a2fcb1e81153d6b0"
            },
            "dist": {
                "type": "zip",
                "url": "https://api.github.com/repos/hhvm/xhp-js/zipball/a85191e3fb538e8f698c71d8a2fcb1e81153d6b0",
                "reference": "a85191e3fb538e8f698c71d8a2fcb1e81153d6b0",
                "shasum": ""
            },
            "require": {
                "facebook/xhp-lib": "~2.2.0"
            },
            "type": "library",
            "autoload": {
                "classmap": [
                    "src/"
                ]
            },
            "scripts": {
                "post-install-cmd": [
                    "npm install && npm run build"
                ]
            },
            "description": "Easily create JS controllers for XHP elements, and XHP wrappers for React elements",
            "support": {
                "source": "https://github.com/hhvm/xhp-js/tree/master",
                "issues": "https://github.com/hhvm/xhp-js/issues"
            },
            "time": "2015-06-23 22:46:56"
        }
    ],
    "packages-dev": [],
    "aliases": [],
    "minimum-stability": "stable",
    "stability-flags": {
        "hhvm/xhp-js": 20
    },
    "prefer-stable": false,
    "prefer-lowest": false,
    "platform": [],
    "platform-dev": []
}
